// !$*UTF8*$!
{
	archiveVersion = 1;
	classes = {
	};
	objectVersion = 50;
	objects = {

/* Begin PBXBuildFile section */
		6535E863F1C54970A52FFE30 /* Pods_Bridger.framework in Frameworks */ = {isa = PBXBuildFile; fileRef = A3254F7FD429E4F235CA3EB9 /* Pods_Bridger.framework */; };
		D429D5FF20E293360057ABBB /* Injection.swift in Sources */ = {isa = PBXBuildFile; fileRef = D429D5FE20E293360057ABBB /* Injection.swift */; };
		D431316A20D0179F000C5F73 /* UpdateBidViewController.swift in Sources */ = {isa = PBXBuildFile; fileRef = D431316920D0179F000C5F73 /* UpdateBidViewController.swift */; };
		D433509620B337F400FCB874 /* BidTableViewCell.swift in Sources */ = {isa = PBXBuildFile; fileRef = D433509520B337F400FCB874 /* BidTableViewCell.swift */; };
		D446CADB2091131000A43288 /* Main.storyboard in Resources */ = {isa = PBXBuildFile; fileRef = D446CAD92091131000A43288 /* Main.storyboard */; };
		D446CADE2091131000A43288 /* Bridger.xcdatamodeld in Sources */ = {isa = PBXBuildFile; fileRef = D446CADC2091131000A43288 /* Bridger.xcdatamodeld */; };
		D446CAE02091131100A43288 /* Assets.xcassets in Resources */ = {isa = PBXBuildFile; fileRef = D446CADF2091131100A43288 /* Assets.xcassets */; };
		D446CAE32091131100A43288 /* LaunchScreen.storyboard in Resources */ = {isa = PBXBuildFile; fileRef = D446CAE12091131100A43288 /* LaunchScreen.storyboard */; };
		D446CAEE2091137D00A43288 /* AppDelegate.swift in Sources */ = {isa = PBXBuildFile; fileRef = D446CAED2091137D00A43288 /* AppDelegate.swift */; };
		D446CAF22091138500A43288 /* GamesNavigationController.swift in Sources */ = {isa = PBXBuildFile; fileRef = D446CAEF2091138500A43288 /* GamesNavigationController.swift */; };
		D446CAF32091138500A43288 /* AppTabsController.swift in Sources */ = {isa = PBXBuildFile; fileRef = D446CAF02091138500A43288 /* AppTabsController.swift */; };
		D446CAF42091138500A43288 /* AppToolbarController.swift in Sources */ = {isa = PBXBuildFile; fileRef = D446CAF12091138500A43288 /* AppToolbarController.swift */; };
		D446CAFA2091139500A43288 /* BidsViewController.swift in Sources */ = {isa = PBXBuildFile; fileRef = D446CAF62091139500A43288 /* BidsViewController.swift */; };
		D446CAFC2091139500A43288 /* GameViewController.swift in Sources */ = {isa = PBXBuildFile; fileRef = D446CAF82091139500A43288 /* GameViewController.swift */; };
		D446CB03209113A800A43288 /* Bid.swift in Sources */ = {isa = PBXBuildFile; fileRef = D446CAFF209113A800A43288 /* Bid.swift */; };
		D446CB04209113A800A43288 /* Player.swift in Sources */ = {isa = PBXBuildFile; fileRef = D446CB00209113A800A43288 /* Player.swift */; };
		D446CB05209113A800A43288 /* Game.swift in Sources */ = {isa = PBXBuildFile; fileRef = D446CB01209113A800A43288 /* Game.swift */; };
		D446CB06209113A800A43288 /* Card.swift in Sources */ = {isa = PBXBuildFile; fileRef = D446CB02209113A800A43288 /* Card.swift */; };
		D446CB0B20922D7000A43288 /* InputBidTableViewController.swift in Sources */ = {isa = PBXBuildFile; fileRef = D446CB0A20922D7000A43288 /* InputBidTableViewController.swift */; };
		D472452320E3CAF500AC9BC7 /* BridgerUnitTests.swift in Sources */ = {isa = PBXBuildFile; fileRef = D472452220E3CAF500AC9BC7 /* BridgerUnitTests.swift */; };
		D49825D920C58EB3005CE16E /* Animator.swift in Sources */ = {isa = PBXBuildFile; fileRef = D49825D820C58EB3005CE16E /* Animator.swift */; };
		D49825DC20C5900B005CE16E /* UIViewController+Alert.swift in Sources */ = {isa = PBXBuildFile; fileRef = D49825DB20C5900B005CE16E /* UIViewController+Alert.swift */; };
		D49825DE20C59DE4005CE16E /* Store.swift in Sources */ = {isa = PBXBuildFile; fileRef = D49825DD20C59DE4005CE16E /* Store.swift */; };
/* End PBXBuildFile section */

/* Begin PBXContainerItemProxy section */
		D472452520E3CAF500AC9BC7 /* PBXContainerItemProxy */ = {
			isa = PBXContainerItemProxy;
			containerPortal = D446CACA2091131000A43288 /* Project object */;
			proxyType = 1;
			remoteGlobalIDString = D446CAD12091131000A43288;
			remoteInfo = Bridger;
		};
/* End PBXContainerItemProxy section */

/* Begin PBXFileReference section */
		0E9193C4D347163F21937956 /* Pods-Bridger.release.xcconfig */ = {isa = PBXFileReference; includeInIndex = 1; lastKnownFileType = text.xcconfig; name = "Pods-Bridger.release.xcconfig"; path = "Pods/Target Support Files/Pods-Bridger/Pods-Bridger.release.xcconfig"; sourceTree = "<group>"; };
		482521BD13A3CAD79EDAE8FA /* Pods-Bridger.debug.xcconfig */ = {isa = PBXFileReference; includeInIndex = 1; lastKnownFileType = text.xcconfig; name = "Pods-Bridger.debug.xcconfig"; path = "Pods/Target Support Files/Pods-Bridger/Pods-Bridger.debug.xcconfig"; sourceTree = "<group>"; };
		A3254F7FD429E4F235CA3EB9 /* Pods_Bridger.framework */ = {isa = PBXFileReference; explicitFileType = wrapper.framework; includeInIndex = 0; path = Pods_Bridger.framework; sourceTree = BUILT_PRODUCTS_DIR; };
		D429D5FE20E293360057ABBB /* Injection.swift */ = {isa = PBXFileReference; lastKnownFileType = sourcecode.swift; path = Injection.swift; sourceTree = "<group>"; };
		D431316920D0179F000C5F73 /* UpdateBidViewController.swift */ = {isa = PBXFileReference; lastKnownFileType = sourcecode.swift; path = UpdateBidViewController.swift; sourceTree = "<group>"; };
		D433509520B337F400FCB874 /* BidTableViewCell.swift */ = {isa = PBXFileReference; lastKnownFileType = sourcecode.swift; path = BidTableViewCell.swift; sourceTree = "<group>"; };
		D446CAD22091131000A43288 /* Bridger.app */ = {isa = PBXFileReference; explicitFileType = wrapper.application; includeInIndex = 0; path = Bridger.app; sourceTree = BUILT_PRODUCTS_DIR; };
		D446CADA2091131000A43288 /* Base */ = {isa = PBXFileReference; lastKnownFileType = file.storyboard; name = Base; path = Base.lproj/Main.storyboard; sourceTree = "<group>"; };
		D446CADD2091131000A43288 /* Bridger.xcdatamodel */ = {isa = PBXFileReference; lastKnownFileType = wrapper.xcdatamodel; path = Bridger.xcdatamodel; sourceTree = "<group>"; };
		D446CADF2091131100A43288 /* Assets.xcassets */ = {isa = PBXFileReference; lastKnownFileType = folder.assetcatalog; path = Assets.xcassets; sourceTree = "<group>"; };
		D446CAE22091131100A43288 /* Base */ = {isa = PBXFileReference; lastKnownFileType = file.storyboard; name = Base; path = Base.lproj/LaunchScreen.storyboard; sourceTree = "<group>"; };
		D446CAE42091131100A43288 /* Info.plist */ = {isa = PBXFileReference; lastKnownFileType = text.plist.xml; path = Info.plist; sourceTree = "<group>"; };
		D446CAED2091137D00A43288 /* AppDelegate.swift */ = {isa = PBXFileReference; fileEncoding = 4; lastKnownFileType = sourcecode.swift; path = AppDelegate.swift; sourceTree = "<group>"; };
		D446CAEF2091138500A43288 /* GamesNavigationController.swift */ = {isa = PBXFileReference; fileEncoding = 4; lastKnownFileType = sourcecode.swift; path = GamesNavigationController.swift; sourceTree = "<group>"; };
		D446CAF02091138500A43288 /* AppTabsController.swift */ = {isa = PBXFileReference; fileEncoding = 4; lastKnownFileType = sourcecode.swift; path = AppTabsController.swift; sourceTree = "<group>"; };
		D446CAF12091138500A43288 /* AppToolbarController.swift */ = {isa = PBXFileReference; fileEncoding = 4; lastKnownFileType = sourcecode.swift; path = AppToolbarController.swift; sourceTree = "<group>"; };
		D446CAF62091139500A43288 /* BidsViewController.swift */ = {isa = PBXFileReference; fileEncoding = 4; lastKnownFileType = sourcecode.swift; path = BidsViewController.swift; sourceTree = "<group>"; };
		D446CAF82091139500A43288 /* GameViewController.swift */ = {isa = PBXFileReference; fileEncoding = 4; lastKnownFileType = sourcecode.swift; path = GameViewController.swift; sourceTree = "<group>"; };
		D446CAFF209113A800A43288 /* Bid.swift */ = {isa = PBXFileReference; fileEncoding = 4; lastKnownFileType = sourcecode.swift; path = Bid.swift; sourceTree = "<group>"; };
		D446CB00209113A800A43288 /* Player.swift */ = {isa = PBXFileReference; fileEncoding = 4; lastKnownFileType = sourcecode.swift; path = Player.swift; sourceTree = "<group>"; };
		D446CB01209113A800A43288 /* Game.swift */ = {isa = PBXFileReference; fileEncoding = 4; lastKnownFileType = sourcecode.swift; path = Game.swift; sourceTree = "<group>"; };
		D446CB02209113A800A43288 /* Card.swift */ = {isa = PBXFileReference; fileEncoding = 4; lastKnownFileType = sourcecode.swift; path = Card.swift; sourceTree = "<group>"; };
		D446CB0A20922D7000A43288 /* InputBidTableViewController.swift */ = {isa = PBXFileReference; lastKnownFileType = sourcecode.swift; path = InputBidTableViewController.swift; sourceTree = "<group>"; };
		D472452020E3CAF400AC9BC7 /* BridgerUnitTests.xctest */ = {isa = PBXFileReference; explicitFileType = wrapper.cfbundle; includeInIndex = 0; path = BridgerUnitTests.xctest; sourceTree = BUILT_PRODUCTS_DIR; };
		D472452220E3CAF500AC9BC7 /* BridgerUnitTests.swift */ = {isa = PBXFileReference; lastKnownFileType = sourcecode.swift; path = BridgerUnitTests.swift; sourceTree = "<group>"; };
		D472452420E3CAF500AC9BC7 /* Info.plist */ = {isa = PBXFileReference; lastKnownFileType = text.plist.xml; path = Info.plist; sourceTree = "<group>"; };
		D49825D820C58EB3005CE16E /* Animator.swift */ = {isa = PBXFileReference; lastKnownFileType = sourcecode.swift; path = Animator.swift; sourceTree = "<group>"; };
		D49825DB20C5900B005CE16E /* UIViewController+Alert.swift */ = {isa = PBXFileReference; lastKnownFileType = sourcecode.swift; path = "UIViewController+Alert.swift"; sourceTree = "<group>"; };
		D49825DD20C59DE4005CE16E /* Store.swift */ = {isa = PBXFileReference; lastKnownFileType = sourcecode.swift; path = Store.swift; sourceTree = "<group>"; };
/* End PBXFileReference section */

/* Begin PBXFrameworksBuildPhase section */
		D446CACF2091131000A43288 /* Frameworks */ = {
			isa = PBXFrameworksBuildPhase;
			buildActionMask = 2147483647;
			files = (
				6535E863F1C54970A52FFE30 /* Pods_Bridger.framework in Frameworks */,
			);
			runOnlyForDeploymentPostprocessing = 0;
		};
		D472451D20E3CAF400AC9BC7 /* Frameworks */ = {
			isa = PBXFrameworksBuildPhase;
			buildActionMask = 2147483647;
			files = (
			);
			runOnlyForDeploymentPostprocessing = 0;
		};
/* End PBXFrameworksBuildPhase section */

/* Begin PBXGroup section */
		2BDC2C72BDECA3E852142601 /* Pods */ = {
			isa = PBXGroup;
			children = (
				482521BD13A3CAD79EDAE8FA /* Pods-Bridger.debug.xcconfig */,
				0E9193C4D347163F21937956 /* Pods-Bridger.release.xcconfig */,
			);
			name = Pods;
			sourceTree = "<group>";
		};
		D446CAC92091131000A43288 = {
			isa = PBXGroup;
			children = (
				D446CAD42091131000A43288 /* Bridger */,
				D472452120E3CAF500AC9BC7 /* BridgerUnitTests */,
				D446CAD32091131000A43288 /* Products */,
				2BDC2C72BDECA3E852142601 /* Pods */,
				DCB290A943B86087372D2E60 /* Frameworks */,
			);
			sourceTree = "<group>";
		};
		D446CAD32091131000A43288 /* Products */ = {
			isa = PBXGroup;
			children = (
				D446CAD22091131000A43288 /* Bridger.app */,
				D472452020E3CAF400AC9BC7 /* BridgerUnitTests.xctest */,
			);
			name = Products;
			sourceTree = "<group>";
		};
		D446CAD42091131000A43288 /* Bridger */ = {
			isa = PBXGroup;
			children = (
				D446CAED2091137D00A43288 /* AppDelegate.swift */,
				D446CAF62091139500A43288 /* BidsViewController.swift */,
				D446CB0A20922D7000A43288 /* InputBidTableViewController.swift */,
				D433509520B337F400FCB874 /* BidTableViewCell.swift */,
				D446CAF82091139500A43288 /* GameViewController.swift */,
				D431316920D0179F000C5F73 /* UpdateBidViewController.swift */,
				D49825DA20C58FBD005CE16E /* Utilities */,
				D446CAF52091138A00A43288 /* Wrapper Controllers */,
				D446CB07209113AD00A43288 /* App Models */,
				D446CAEC2091136300A43288 /* Storyboards */,
				D446CADF2091131100A43288 /* Assets.xcassets */,
				D446CAE42091131100A43288 /* Info.plist */,
				D446CADC2091131000A43288 /* Bridger.xcdatamodeld */,
				D429D5FE20E293360057ABBB /* Injection.swift */,
			);
			path = Bridger;
			sourceTree = "<group>";
		};
		D446CAEC2091136300A43288 /* Storyboards */ = {
			isa = PBXGroup;
			children = (
				D446CAD92091131000A43288 /* Main.storyboard */,
				D446CAE12091131100A43288 /* LaunchScreen.storyboard */,
			);
			path = Storyboards;
			sourceTree = "<group>";
		};
		D446CAF52091138A00A43288 /* Wrapper Controllers */ = {
			isa = PBXGroup;
			children = (
				D446CAF02091138500A43288 /* AppTabsController.swift */,
				D446CAF12091138500A43288 /* AppToolbarController.swift */,
				D446CAEF2091138500A43288 /* GamesNavigationController.swift */,
			);
			path = "Wrapper Controllers";
			sourceTree = "<group>";
		};
		D446CB07209113AD00A43288 /* App Models */ = {
			isa = PBXGroup;
			children = (
				D49825DD20C59DE4005CE16E /* Store.swift */,
				D446CAFF209113A800A43288 /* Bid.swift */,
				D446CB02209113A800A43288 /* Card.swift */,
				D446CB01209113A800A43288 /* Game.swift */,
				D446CB00209113A800A43288 /* Player.swift */,
			);
			path = "App Models";
			sourceTree = "<group>";
		};
		D472452120E3CAF500AC9BC7 /* BridgerUnitTests */ = {
			isa = PBXGroup;
			children = (
				D472452220E3CAF500AC9BC7 /* BridgerUnitTests.swift */,
				D472452420E3CAF500AC9BC7 /* Info.plist */,
			);
			path = BridgerUnitTests;
			sourceTree = "<group>";
		};
		D49825DA20C58FBD005CE16E /* Utilities */ = {
			isa = PBXGroup;
			children = (
				D49825D820C58EB3005CE16E /* Animator.swift */,
				D49825DB20C5900B005CE16E /* UIViewController+Alert.swift */,
			);
			path = Utilities;
			sourceTree = "<group>";
		};
		DCB290A943B86087372D2E60 /* Frameworks */ = {
			isa = PBXGroup;
			children = (
				A3254F7FD429E4F235CA3EB9 /* Pods_Bridger.framework */,
			);
			name = Frameworks;
			sourceTree = "<group>";
		};
/* End PBXGroup section */

/* Begin PBXNativeTarget section */
		D446CAD12091131000A43288 /* Bridger */ = {
			isa = PBXNativeTarget;
			buildConfigurationList = D446CAE72091131100A43288 /* Build configuration list for PBXNativeTarget "Bridger" */;
			buildPhases = (
				092622C99E332A5F28935F80 /* [CP] Check Pods Manifest.lock */,
				D446CACE2091131000A43288 /* Sources */,
				D446CACF2091131000A43288 /* Frameworks */,
				D446CAD02091131000A43288 /* Resources */,
				FC641EB091A605537B074D51 /* [CP] Embed Pods Frameworks */,
				D457762A20D2B34A00653544 /* ShellScript */,
			);
			buildRules = (
			);
			dependencies = (
			);
			name = Bridger;
			productName = Bridger;
			productReference = D446CAD22091131000A43288 /* Bridger.app */;
			productType = "com.apple.product-type.application";
		};
		D472451F20E3CAF400AC9BC7 /* BridgerUnitTests */ = {
			isa = PBXNativeTarget;
			buildConfigurationList = D472452920E3CAF500AC9BC7 /* Build configuration list for PBXNativeTarget "BridgerUnitTests" */;
			buildPhases = (
				D472451C20E3CAF400AC9BC7 /* Sources */,
				D472451D20E3CAF400AC9BC7 /* Frameworks */,
				D472451E20E3CAF400AC9BC7 /* Resources */,
			);
			buildRules = (
			);
			dependencies = (
				D472452620E3CAF500AC9BC7 /* PBXTargetDependency */,
			);
			name = BridgerUnitTests;
			productName = BridgerUnitTests;
			productReference = D472452020E3CAF400AC9BC7 /* BridgerUnitTests.xctest */;
			productType = "com.apple.product-type.bundle.unit-test";
		};
/* End PBXNativeTarget section */

/* Begin PBXProject section */
		D446CACA2091131000A43288 /* Project object */ = {
			isa = PBXProject;
			attributes = {
				LastSwiftUpdateCheck = 0940;
				LastUpgradeCheck = 0930;
				ORGANIZATIONNAME = "Eduard Levshteyn";
				TargetAttributes = {
					D446CAD12091131000A43288 = {
						CreatedOnToolsVersion = 9.3;
					};
					D472451F20E3CAF400AC9BC7 = {
						CreatedOnToolsVersion = 9.4.1;
						TestTargetID = D446CAD12091131000A43288;
					};
				};
			};
			buildConfigurationList = D446CACD2091131000A43288 /* Build configuration list for PBXProject "Bridger" */;
			compatibilityVersion = "Xcode 9.3";
			developmentRegion = en;
			hasScannedForEncodings = 0;
			knownRegions = (
				en,
				Base,
			);
			mainGroup = D446CAC92091131000A43288;
			productRefGroup = D446CAD32091131000A43288 /* Products */;
			projectDirPath = "";
			projectRoot = "";
			targets = (
				D446CAD12091131000A43288 /* Bridger */,
				D472451F20E3CAF400AC9BC7 /* BridgerUnitTests */,
			);
		};
/* End PBXProject section */

/* Begin PBXResourcesBuildPhase section */
		D446CAD02091131000A43288 /* Resources */ = {
			isa = PBXResourcesBuildPhase;
			buildActionMask = 2147483647;
			files = (
				D446CAE32091131100A43288 /* LaunchScreen.storyboard in Resources */,
				D446CAE02091131100A43288 /* Assets.xcassets in Resources */,
				D446CADB2091131000A43288 /* Main.storyboard in Resources */,
			);
			runOnlyForDeploymentPostprocessing = 0;
		};
		D472451E20E3CAF400AC9BC7 /* Resources */ = {
			isa = PBXResourcesBuildPhase;
			buildActionMask = 2147483647;
			files = (
			);
			runOnlyForDeploymentPostprocessing = 0;
		};
/* End PBXResourcesBuildPhase section */

/* Begin PBXShellScriptBuildPhase section */
		092622C99E332A5F28935F80 /* [CP] Check Pods Manifest.lock */ = {
			isa = PBXShellScriptBuildPhase;
			buildActionMask = 2147483647;
			files = (
			);
			inputPaths = (
				"${PODS_PODFILE_DIR_PATH}/Podfile.lock",
				"${PODS_ROOT}/Manifest.lock",
			);
			name = "[CP] Check Pods Manifest.lock";
			outputPaths = (
				"$(DERIVED_FILE_DIR)/Pods-Bridger-checkManifestLockResult.txt",
			);
			runOnlyForDeploymentPostprocessing = 0;
			shellPath = /bin/sh;
			shellScript = "diff \"${PODS_PODFILE_DIR_PATH}/Podfile.lock\" \"${PODS_ROOT}/Manifest.lock\" > /dev/null\nif [ $? != 0 ] ; then\n    # print error to STDERR\n    echo \"error: The sandbox is not in sync with the Podfile.lock. Run 'pod install' or update your CocoaPods installation.\" >&2\n    exit 1\nfi\n# This output is used by Xcode 'outputs' to avoid re-running this script phase.\necho \"SUCCESS\" > \"${SCRIPT_OUTPUT_FILE_0}\"\n";
			showEnvVarsInLog = 0;
		};
		D457762A20D2B34A00653544 /* ShellScript */ = {
			isa = PBXShellScriptBuildPhase;
			buildActionMask = 2147483647;
			files = (
			);
			inputPaths = (
			);
			outputPaths = (
			);
			runOnlyForDeploymentPostprocessing = 0;
			shellPath = /bin/sh;
			shellScript = "${PODS_ROOT}/SwiftLint/swiftlint";
		};
		FC641EB091A605537B074D51 /* [CP] Embed Pods Frameworks */ = {
			isa = PBXShellScriptBuildPhase;
			buildActionMask = 2147483647;
			files = (
			);
			inputPaths = (
				"${SRCROOT}/Pods/Target Support Files/Pods-Bridger/Pods-Bridger-frameworks.sh",
				"${BUILT_PRODUCTS_DIR}/Material/Material.framework",
				"${BUILT_PRODUCTS_DIR}/Motion/Motion.framework",
			);
			name = "[CP] Embed Pods Frameworks";
			outputPaths = (
				"${TARGET_BUILD_DIR}/${FRAMEWORKS_FOLDER_PATH}/Material.framework",
				"${TARGET_BUILD_DIR}/${FRAMEWORKS_FOLDER_PATH}/Motion.framework",
			);
			runOnlyForDeploymentPostprocessing = 0;
			shellPath = /bin/sh;
			shellScript = "\"${SRCROOT}/Pods/Target Support Files/Pods-Bridger/Pods-Bridger-frameworks.sh\"\n";
			showEnvVarsInLog = 0;
		};
/* End PBXShellScriptBuildPhase section */

/* Begin PBXSourcesBuildPhase section */
		D446CACE2091131000A43288 /* Sources */ = {
			isa = PBXSourcesBuildPhase;
			buildActionMask = 2147483647;
			files = (
				D446CAEE2091137D00A43288 /* AppDelegate.swift in Sources */,
				D446CAF42091138500A43288 /* AppToolbarController.swift in Sources */,
				D446CADE2091131000A43288 /* Bridger.xcdatamodeld in Sources */,
				D49825DE20C59DE4005CE16E /* Store.swift in Sources */,
				D49825DC20C5900B005CE16E /* UIViewController+Alert.swift in Sources */,
				D433509620B337F400FCB874 /* BidTableViewCell.swift in Sources */,
				D49825D920C58EB3005CE16E /* Animator.swift in Sources */,
				D446CB05209113A800A43288 /* Game.swift in Sources */,
				D446CB04209113A800A43288 /* Player.swift in Sources */,
				D446CAFA2091139500A43288 /* BidsViewController.swift in Sources */,
				D446CAFC2091139500A43288 /* GameViewController.swift in Sources */,
				D431316A20D0179F000C5F73 /* UpdateBidViewController.swift in Sources */,
				D446CAF32091138500A43288 /* AppTabsController.swift in Sources */,
				D446CB06209113A800A43288 /* Card.swift in Sources */,
				D446CAF22091138500A43288 /* GamesNavigationController.swift in Sources */,
				D429D5FF20E293360057ABBB /* Injection.swift in Sources */,
				D446CB0B20922D7000A43288 /* InputBidTableViewController.swift in Sources */,
				D446CB03209113A800A43288 /* Bid.swift in Sources */,
			);
			runOnlyForDeploymentPostprocessing = 0;
		};
		D472451C20E3CAF400AC9BC7 /* Sources */ = {
			isa = PBXSourcesBuildPhase;
			buildActionMask = 2147483647;
			files = (
				D472452320E3CAF500AC9BC7 /* BridgerUnitTests.swift in Sources */,
			);
			runOnlyForDeploymentPostprocessing = 0;
		};
/* End PBXSourcesBuildPhase section */

/* Begin PBXTargetDependency section */
		D472452620E3CAF500AC9BC7 /* PBXTargetDependency */ = {
			isa = PBXTargetDependency;
			target = D446CAD12091131000A43288 /* Bridger */;
			targetProxy = D472452520E3CAF500AC9BC7 /* PBXContainerItemProxy */;
		};
/* End PBXTargetDependency section */

/* Begin PBXVariantGroup section */
		D446CAD92091131000A43288 /* Main.storyboard */ = {
			isa = PBXVariantGroup;
			children = (
				D446CADA2091131000A43288 /* Base */,
			);
			name = Main.storyboard;
			sourceTree = "<group>";
		};
		D446CAE12091131100A43288 /* LaunchScreen.storyboard */ = {
			isa = PBXVariantGroup;
			children = (
				D446CAE22091131100A43288 /* Base */,
			);
			name = LaunchScreen.storyboard;
			sourceTree = "<group>";
		};
/* End PBXVariantGroup section */

/* Begin XCBuildConfiguration section */
		D446CAE52091131100A43288 /* Debug */ = {
			isa = XCBuildConfiguration;
			buildSettings = {
				ALWAYS_SEARCH_USER_PATHS = NO;
				CLANG_ANALYZER_NONNULL = YES;
				CLANG_ANALYZER_NUMBER_OBJECT_CONVERSION = YES_AGGRESSIVE;
				CLANG_CXX_LANGUAGE_STANDARD = "gnu++14";
				CLANG_CXX_LIBRARY = "libc++";
				CLANG_ENABLE_MODULES = YES;
				CLANG_ENABLE_OBJC_ARC = YES;
				CLANG_ENABLE_OBJC_WEAK = YES;
				CLANG_WARN_BLOCK_CAPTURE_AUTORELEASING = YES;
				CLANG_WARN_BOOL_CONVERSION = YES;
				CLANG_WARN_COMMA = YES;
				CLANG_WARN_CONSTANT_CONVERSION = YES;
				CLANG_WARN_DEPRECATED_OBJC_IMPLEMENTATIONS = YES;
				CLANG_WARN_DIRECT_OBJC_ISA_USAGE = YES_ERROR;
				CLANG_WARN_DOCUMENTATION_COMMENTS = YES;
				CLANG_WARN_EMPTY_BODY = YES;
				CLANG_WARN_ENUM_CONVERSION = YES;
				CLANG_WARN_INFINITE_RECURSION = YES;
				CLANG_WARN_INT_CONVERSION = YES;
				CLANG_WARN_NON_LITERAL_NULL_CONVERSION = YES;
				CLANG_WARN_OBJC_IMPLICIT_RETAIN_SELF = YES;
				CLANG_WARN_OBJC_LITERAL_CONVERSION = YES;
				CLANG_WARN_OBJC_ROOT_CLASS = YES_ERROR;
				CLANG_WARN_RANGE_LOOP_ANALYSIS = YES;
				CLANG_WARN_STRICT_PROTOTYPES = YES;
				CLANG_WARN_SUSPICIOUS_MOVE = YES;
				CLANG_WARN_UNGUARDED_AVAILABILITY = YES_AGGRESSIVE;
				CLANG_WARN_UNREACHABLE_CODE = YES;
				CLANG_WARN__DUPLICATE_METHOD_MATCH = YES;
				CODE_SIGN_IDENTITY = "iPhone Developer";
				COPY_PHASE_STRIP = NO;
				DEBUG_INFORMATION_FORMAT = dwarf;
				ENABLE_STRICT_OBJC_MSGSEND = YES;
				ENABLE_TESTABILITY = YES;
				GCC_C_LANGUAGE_STANDARD = gnu11;
				GCC_DYNAMIC_NO_PIC = NO;
				GCC_NO_COMMON_BLOCKS = YES;
				GCC_OPTIMIZATION_LEVEL = 0;
				GCC_PREPROCESSOR_DEFINITIONS = (
					"DEBUG=1",
					"$(inherited)",
				);
				GCC_WARN_64_TO_32_BIT_CONVERSION = YES;
				GCC_WARN_ABOUT_RETURN_TYPE = YES_ERROR;
				GCC_WARN_UNDECLARED_SELECTOR = YES;
				GCC_WARN_UNINITIALIZED_AUTOS = YES_AGGRESSIVE;
				GCC_WARN_UNUSED_FUNCTION = YES;
				GCC_WARN_UNUSED_VARIABLE = YES;
				IPHONEOS_DEPLOYMENT_TARGET = 11.3;
				MTL_ENABLE_DEBUG_INFO = YES;
				ONLY_ACTIVE_ARCH = YES;
				SDKROOT = iphoneos;
				SWIFT_ACTIVE_COMPILATION_CONDITIONS = DEBUG;
				SWIFT_OPTIMIZATION_LEVEL = "-Onone";
			};
			name = Debug;
		};
		D446CAE62091131100A43288 /* Release */ = {
			isa = XCBuildConfiguration;
			buildSettings = {
				ALWAYS_SEARCH_USER_PATHS = NO;
				CLANG_ANALYZER_NONNULL = YES;
				CLANG_ANALYZER_NUMBER_OBJECT_CONVERSION = YES_AGGRESSIVE;
				CLANG_CXX_LANGUAGE_STANDARD = "gnu++14";
				CLANG_CXX_LIBRARY = "libc++";
				CLANG_ENABLE_MODULES = YES;
				CLANG_ENABLE_OBJC_ARC = YES;
				CLANG_ENABLE_OBJC_WEAK = YES;
				CLANG_WARN_BLOCK_CAPTURE_AUTORELEASING = YES;
				CLANG_WARN_BOOL_CONVERSION = YES;
				CLANG_WARN_COMMA = YES;
				CLANG_WARN_CONSTANT_CONVERSION = YES;
				CLANG_WARN_DEPRECATED_OBJC_IMPLEMENTATIONS = YES;
				CLANG_WARN_DIRECT_OBJC_ISA_USAGE = YES_ERROR;
				CLANG_WARN_DOCUMENTATION_COMMENTS = YES;
				CLANG_WARN_EMPTY_BODY = YES;
				CLANG_WARN_ENUM_CONVERSION = YES;
				CLANG_WARN_INFINITE_RECURSION = YES;
				CLANG_WARN_INT_CONVERSION = YES;
				CLANG_WARN_NON_LITERAL_NULL_CONVERSION = YES;
				CLANG_WARN_OBJC_IMPLICIT_RETAIN_SELF = YES;
				CLANG_WARN_OBJC_LITERAL_CONVERSION = YES;
				CLANG_WARN_OBJC_ROOT_CLASS = YES_ERROR;
				CLANG_WARN_RANGE_LOOP_ANALYSIS = YES;
				CLANG_WARN_STRICT_PROTOTYPES = YES;
				CLANG_WARN_SUSPICIOUS_MOVE = YES;
				CLANG_WARN_UNGUARDED_AVAILABILITY = YES_AGGRESSIVE;
				CLANG_WARN_UNREACHABLE_CODE = YES;
				CLANG_WARN__DUPLICATE_METHOD_MATCH = YES;
				CODE_SIGN_IDENTITY = "iPhone Developer";
				COPY_PHASE_STRIP = NO;
				DEBUG_INFORMATION_FORMAT = "dwarf-with-dsym";
				ENABLE_NS_ASSERTIONS = NO;
				ENABLE_STRICT_OBJC_MSGSEND = YES;
				GCC_C_LANGUAGE_STANDARD = gnu11;
				GCC_NO_COMMON_BLOCKS = YES;
				GCC_WARN_64_TO_32_BIT_CONVERSION = YES;
				GCC_WARN_ABOUT_RETURN_TYPE = YES_ERROR;
				GCC_WARN_UNDECLARED_SELECTOR = YES;
				GCC_WARN_UNINITIALIZED_AUTOS = YES_AGGRESSIVE;
				GCC_WARN_UNUSED_FUNCTION = YES;
				GCC_WARN_UNUSED_VARIABLE = YES;
				IPHONEOS_DEPLOYMENT_TARGET = 11.3;
				MTL_ENABLE_DEBUG_INFO = NO;
				SDKROOT = iphoneos;
				SWIFT_COMPILATION_MODE = wholemodule;
				SWIFT_OPTIMIZATION_LEVEL = "-O";
				VALIDATE_PRODUCT = YES;
			};
			name = Release;
		};
		D446CAE82091131100A43288 /* Debug */ = {
			isa = XCBuildConfiguration;
			baseConfigurationReference = 482521BD13A3CAD79EDAE8FA /* Pods-Bridger.debug.xcconfig */;
			buildSettings = {
				ASSETCATALOG_COMPILER_APPICON_NAME = AppIcon;
				CODE_SIGN_STYLE = Automatic;
				DEVELOPMENT_TEAM = 3987LS8PQB;
				INFOPLIST_FILE = Bridger/Info.plist;
				IPHONEOS_DEPLOYMENT_TARGET = 11.0;
				LD_RUNPATH_SEARCH_PATHS = (
					"$(inherited)",
					"@executable_path/Frameworks",
				);
				PRODUCT_BUNDLE_IDENTIFIER = com.eduardlevshteyn.Bridger;
				PRODUCT_NAME = "$(TARGET_NAME)";
				SWIFT_VERSION = 4.0;
				TARGETED_DEVICE_FAMILY = "1,2";
			};
			name = Debug;
		};
		D446CAE92091131100A43288 /* Release */ = {
			isa = XCBuildConfiguration;
			baseConfigurationReference = 0E9193C4D347163F21937956 /* Pods-Bridger.release.xcconfig */;
			buildSettings = {
				ASSETCATALOG_COMPILER_APPICON_NAME = AppIcon;
				CODE_SIGN_STYLE = Automatic;
				DEVELOPMENT_TEAM = 3987LS8PQB;
				INFOPLIST_FILE = Bridger/Info.plist;
				IPHONEOS_DEPLOYMENT_TARGET = 11.0;
				LD_RUNPATH_SEARCH_PATHS = (
					"$(inherited)",
					"@executable_path/Frameworks",
				);
				PRODUCT_BUNDLE_IDENTIFIER = com.eduardlevshteyn.Bridger;
				PRODUCT_NAME = "$(TARGET_NAME)";
				SWIFT_VERSION = 4.0;
				TARGETED_DEVICE_FAMILY = "1,2";
			};
			name = Release;
		};
		D472452720E3CAF500AC9BC7 /* Debug */ = {
			isa = XCBuildConfiguration;
			buildSettings = {
				BUNDLE_LOADER = "$(TEST_HOST)";
				CODE_SIGN_STYLE = Automatic;
				DEVELOPMENT_TEAM = 3987LS8PQB;
				INFOPLIST_FILE = BridgerUnitTests/Info.plist;
				IPHONEOS_DEPLOYMENT_TARGET = 11.4;
				LD_RUNPATH_SEARCH_PATHS = (
					"$(inherited)",
					"@executable_path/Frameworks",
					"@loader_path/Frameworks",
				);
				PRODUCT_BUNDLE_IDENTIFIER = com.eduardlevshteyn.BridgerUnitTests;
				PRODUCT_NAME = "$(TARGET_NAME)";
				SWIFT_VERSION = 4.0;
				TARGETED_DEVICE_FAMILY = "1,2";
				TEST_HOST = "$(BUILT_PRODUCTS_DIR)/Bridger.app/Bridger";
			};
			name = Debug;
		};
		D472452820E3CAF500AC9BC7 /* Release */ = {
			isa = XCBuildConfiguration;
			buildSettings = {
				BUNDLE_LOADER = "$(TEST_HOST)";
				CODE_SIGN_STYLE = Automatic;
				DEVELOPMENT_TEAM = 3987LS8PQB;
				INFOPLIST_FILE = BridgerUnitTests/Info.plist;
				IPHONEOS_DEPLOYMENT_TARGET = 11.4;
				LD_RUNPATH_SEARCH_PATHS = (
					"$(inherited)",
					"@executable_path/Frameworks",
					"@loader_path/Frameworks",
				);
				PRODUCT_BUNDLE_IDENTIFIER = com.eduardlevshteyn.BridgerUnitTests;
				PRODUCT_NAME = "$(TARGET_NAME)";
				SWIFT_VERSION = 4.0;
				TARGETED_DEVICE_FAMILY = "1,2";
				TEST_HOST = "$(BUILT_PRODUCTS_DIR)/Bridger.app/Bridger";
			};
			name = Release;
		};
/* End XCBuildConfiguration section */

/* Begin XCConfigurationList section */
		D446CACD2091131000A43288 /* Build configuration list for PBXProject "Bridger" */ = {
			isa = XCConfigurationList;
			buildConfigurations = (
				D446CAE52091131100A43288 /* Debug */,
				D446CAE62091131100A43288 /* Release */,
			);
			defaultConfigurationIsVisible = 0;
			defaultConfigurationName = Release;
		};
		D446CAE72091131100A43288 /* Build configuration list for PBXNativeTarget "Bridger" */ = {
			isa = XCConfigurationList;
			buildConfigurations = (
				D446CAE82091131100A43288 /* Debug */,
				D446CAE92091131100A43288 /* Release */,
			);
			defaultConfigurationIsVisible = 0;
			defaultConfigurationName = Release;
		};
		D472452920E3CAF500AC9BC7 /* Build configuration list for PBXNativeTarget "BridgerUnitTests" */ = {
			isa = XCConfigurationList;
			buildConfigurations = (
				D472452720E3CAF500AC9BC7 /* Debug */,
				D472452820E3CAF500AC9BC7 /* Release */,
			);
			defaultConfigurationIsVisible = 0;
			defaultConfigurationName = Release;
		};
/* End XCConfigurationList section */

/* Begin XCVersionGroup section */
		D446CADC2091131000A43288 /* Bridger.xcdatamodeld */ = {
			isa = XCVersionGroup;
			children = (
				D446CADD2091131000A43288 /* Bridger.xcdatamodel */,
			);
			currentVersion = D446CADD2091131000A43288 /* Bridger.xcdatamodel */;
			path = Bridger.xcdatamodeld;
			sourceTree = "<group>";
			versionGroupType = wrapper.xcdatamodel;
		};
/* End XCVersionGroup section */
	};
	rootObject = D446CACA2091131000A43288 /* Project object */;
}
